
Microsoft Visual Studio Solution File, Format Version 12.00
# Visual Studio Version 17
VisualStudioVersion = 17.0.31903.59
MinimumVisualStudioVersion = 10.0.40219.1
Project("{FAE04EC0-301F-11D3-BF4B-00C04F79EFBC}") = "CentralisationService.Entities", "..\Entities\CentralisationService.Entities\CentralisationService.Entities.csproj", "{CA67D4D1-CA32-4C71-9ED8-48B2BCCC39DA}"
EndProject
Project("{FAE04EC0-301F-11D3-BF4B-00C04F79EFBC}") = "Server", "Server\Server.csproj", "{F9BB0241-AC20-40A0-86C9-74227B336F86}"
EndProject
Global
	GlobalSection(SolutionConfigurationPlatforms) = preSolution
		Debug|Any CPU = Debug|Any CPU
		Debug|x64 = Debug|x64
		Debug|x86 = Debug|x86
		Release|Any CPU = Release|Any CPU
		Release|x64 = Release|x64
		Release|x86 = Release|x86
	EndGlobalSection
	GlobalSection(ProjectConfigurationPlatforms) = postSolution
		{CA67D4D1-CA32-4C71-9ED8-48B2BCCC39DA}.Debug|Any CPU.ActiveCfg = Debug|Any CPU
		{CA67D4D1-CA32-4C71-9ED8-48B2BCCC39DA}.Debug|Any CPU.Build.0 = Debug|Any CPU
		{CA67D4D1-CA32-4C71-9ED8-48B2BCCC39DA}.Debug|x64.ActiveCfg = Debug|Any CPU
		{CA67D4D1-CA32-4C71-9ED8-48B2BCCC39DA}.Debug|x64.Build.0 = Debug|Any CPU
		{CA67D4D1-CA32-4C71-9ED8-48B2BCCC39DA}.Debug|x86.ActiveCfg = Debug|Any CPU
		{CA67D4D1-CA32-4C71-9ED8-48B2BCCC39DA}.Debug|x86.Build.0 = Debug|Any CPU
		{CA67D4D1-CA32-4C71-9ED8-48B2BCCC39DA}.Release|Any CPU.ActiveCfg = Release|Any CPU
		{CA67D4D1-CA32-4C71-9ED8-48B2BCCC39DA}.Release|Any CPU.Build.0 = Release|Any CPU
		{CA67D4D1-CA32-4C71-9ED8-48B2BCCC39DA}.Release|x64.ActiveCfg = Release|Any CPU
		{CA67D4D1-CA32-4C71-9ED8-48B2BCCC39DA}.Release|x64.Build.0 = Release|Any CPU
		{CA67D4D1-CA32-4C71-9ED8-48B2BCCC39DA}.Release|x86.ActiveCfg = Release|Any CPU
		{CA67D4D1-CA32-4C71-9ED8-48B2BCCC39DA}.Release|x86.Build.0 = Release|Any CPU
		{F9BB0241-AC20-40A0-86C9-74227B336F86}.Debug|Any CPU.ActiveCfg = Debug|Any CPU
		{F9BB0241-AC20-40A0-86C9-74227B336F86}.Debug|Any CPU.Build.0 = Debug|Any CPU
		{F9BB0241-AC20-40A0-86C9-74227B336F86}.Debug|x64.ActiveCfg = Debug|Any CPU
		{F9BB0241-AC20-40A0-86C9-74227B336F86}.Debug|x64.Build.0 = Debug|Any CPU
		{F9BB0241-AC20-40A0-86C9-74227B336F86}.Debug|x86.ActiveCfg = Debug|Any CPU
		{F9BB0241-AC20-40A0-86C9-74227B336F86}.Debug|x86.Build.0 = Debug|Any CPU
		{F9BB0241-AC20-40A0-86C9-74227B336F86}.Release|Any CPU.ActiveCfg = Release|Any CPU
		{F9BB0241-AC20-40A0-86C9-74227B336F86}.Release|Any CPU.Build.0 = Release|Any CPU
		{F9BB0241-AC20-40A0-86C9-74227B336F86}.Release|x64.ActiveCfg = Release|Any CPU
		{F9BB0241-AC20-40A0-86C9-74227B336F86}.Release|x64.Build.0 = Release|Any CPU
		{F9BB0241-AC20-40A0-86C9-74227B336F86}.Release|x86.ActiveCfg = Release|Any CPU
		{F9BB0241-AC20-40A0-86C9-74227B336F86}.Release|x86.Build.0 = Release|Any CPU
	EndGlobalSection
	GlobalSection(SolutionProperties) = preSolution
		HideSolutionNode = FALSE
	EndGlobalSection
EndGlobal
